PODS:
  - Alamofire (4.7.0)
  - AlamofireImage (3.3.0):
    - Alamofire (~> 4.5)
  - AlamofireNetworkActivityIndicator (2.2.0):
    - Alamofire (~> 4.5)
  - Japx/Alamofire (1.0.2):
    - Alamofire (~> 4.5)
    - Japx/Core
  - Japx/Codable (1.0.2):
    - Japx/Core
  - Japx/CodableAlamofire (1.0.2):
    - Japx/Alamofire
    - Japx/Codable
  - Japx/Core (1.0.2)
  - Nimble (6.1.0)
  - OHHTTPStubs (6.1.0):
    - OHHTTPStubs/Default (= 6.1.0)
  - OHHTTPStubs/Core (6.1.0)
  - OHHTTPStubs/Default (6.1.0):
    - OHHTTPStubs/Core
    - OHHTTPStubs/JSON
    - OHHTTPStubs/NSURLSession
    - OHHTTPStubs/OHPathHelpers
  - OHHTTPStubs/JSON (6.1.0):
    - OHHTTPStubs/Core
  - OHHTTPStubs/NSURLSession (6.1.0):
    - OHHTTPStubs/Core
  - OHHTTPStubs/OHPathHelpers (6.1.0)
  - OHHTTPStubs/Swift (6.1.0):
    - OHHTTPStubs/Default
  - Quick (1.2.0)
  - RxCocoa (6.2.0):
    - RxRelay (= 6.2.0)
    - RxSwift (= 6.2.0)
  - RxRelay (6.2.0):
    - RxSwift (= 6.2.0)
  - RxSwift (6.2.0)
  - SVProgressHUD (2.2.5)

DEPENDENCIES:
  - AlamofireImage (~> 3.2)
  - AlamofireNetworkActivityIndicator (~> 2.1)
  - Japx/CodableAlamofire
  - Nimble (~> 6.1)
  - OHHTTPStubs (~> 6.0)
  - OHHTTPStubs/Swift
  - Quick (~> 1.1)
  - RxCocoa
  - RxSwift
  - SVProgressHUD (~> 2.1)

SPEC REPOS:
  trunk:
    - Alamofire
    - AlamofireImage
    - AlamofireNetworkActivityIndicator
    - Japx
    - Nimble
    - OHHTTPStubs
    - Quick
    - RxCocoa
    - RxRelay
    - RxSwift
    - SVProgressHUD

SPEC CHECKSUMS:
  Alamofire: 907e0a98eb68cdb7f9d1f541a563d6ac5dc77b25
  AlamofireImage: 2e784dc5d00f04903a52c1d169181469c805c3df
  AlamofireNetworkActivityIndicator: 81e1630e7cfed22a4e4e82a174c59e651dc4f8ca
  Japx: cc1a6a7f66e0c4a9bbc5c0d23ba0d4a28fa17c02
  Nimble: c53e6903fee94041b90ded74f135820437d8bf59
  OHHTTPStubs: 1e21c7d2c084b8153fc53d48400d8919d2d432d0
  Quick: 58d203b1c5e27fff7229c4c1ae445ad7069a7a08
  RxCocoa: 4baf94bb35f2c0ab31bc0cb9f1900155f646ba42
  RxRelay: e72dbfd157807478401ef1982e1c61c945c94b2f
  RxSwift: d356ab7bee873611322f134c5f9ef379fa183d8f
  SVProgressHUD: 1428aafac632c1f86f62aa4243ec12008d7a51d6

PODFILE CHECKSUM: ca0c5850eb17a1fd62d7dc0a7774198573cdcc8d

COCOAPODS: 1.11.0
